
Microsoft Visual Studio Solution File, Format Version 12.00
# Visual Studio Version 17
VisualStudioVersion = 17.8.34511.84
MinimumVisualStudioVersion = 10.0.40219.1
Project("{8BC9CEB8-8B4A-11D0-8D11-00A0C91BC942}") = "AtmosphericScattering", "AtmosphericScattering.vcxproj", "{99531CD2-FB7E-4D84-AA7E-E126299899AB}"
	ProjectSection(ProjectDependencies) = postProject
		{98737FBD-5545-4146-A391-5B84AF1B2120} = {98737FBD-5545-4146-A391-5B84AF1B2120}
	EndProjectSection
EndProject
Project("{8BC9CEB8-8B4A-11D0-8D11-00A0C91BC942}") = "Engine", "Engine\Engine.vcxproj", "{98737FBD-5545-4146-A391-5B84AF1B2120}"
EndProject
Global
	GlobalSection(SolutionConfigurationPlatforms) = preSolution
		Debug|x64 = Debug|x64
		Debug|x86 = Debug|x86
		Release|x64 = Release|x64
		Release|x86 = Release|x86
	EndGlobalSection
	GlobalSection(ProjectConfigurationPlatforms) = postSolution
		{99531CD2-FB7E-4D84-AA7E-E126299899AB}.Debug|x64.ActiveCfg = Debug|x64
		{99531CD2-FB7E-4D84-AA7E-E126299899AB}.Debug|x64.Build.0 = Debug|x64
		{99531CD2-FB7E-4D84-AA7E-E126299899AB}.Debug|x86.ActiveCfg = Debug|Win32
		{99531CD2-FB7E-4D84-AA7E-E126299899AB}.Debug|x86.Build.0 = Debug|Win32
		{99531CD2-FB7E-4D84-AA7E-E126299899AB}.Release|x64.ActiveCfg = Release|x64
		{99531CD2-FB7E-4D84-AA7E-E126299899AB}.Release|x64.Build.0 = Release|x64
		{99531CD2-FB7E-4D84-AA7E-E126299899AB}.Release|x86.ActiveCfg = Release|Win32
		{99531CD2-FB7E-4D84-AA7E-E126299899AB}.Release|x86.Build.0 = Release|Win32
		{98737FBD-5545-4146-A391-5B84AF1B2120}.Debug|x64.ActiveCfg = Debug|x64
		{98737FBD-5545-4146-A391-5B84AF1B2120}.Debug|x64.Build.0 = Debug|x64
		{98737FBD-5545-4146-A391-5B84AF1B2120}.Debug|x86.ActiveCfg = Debug|Win32
		{98737FBD-5545-4146-A391-5B84AF1B2120}.Debug|x86.Build.0 = Debug|Win32
		{98737FBD-5545-4146-A391-5B84AF1B2120}.Release|x64.ActiveCfg = Release|x64
		{98737FBD-5545-4146-A391-5B84AF1B2120}.Release|x64.Build.0 = Release|x64
		{98737FBD-5545-4146-A391-5B84AF1B2120}.Release|x86.ActiveCfg = Release|Win32
		{98737FBD-5545-4146-A391-5B84AF1B2120}.Release|x86.Build.0 = Release|Win32
	EndGlobalSection
	GlobalSection(SolutionProperties) = preSolution
		HideSolutionNode = FALSE
	EndGlobalSection
	GlobalSection(ExtensibilityGlobals) = postSolution
		SolutionGuid = {EA473078-9BC0-4973-962C-28686D5C5AAB}
	EndGlobalSection
EndGlobal
